
Microsoft Visual Studio Solution File, Format Version 10.00
# Visual Studio 2008
Project("{FAE04EC0-301F-11D3-BF4B-00C04F79EFBC}") = "HTTPRequest", "HTTPRequest\HTTPRequest.csproj", "{273A64FE-5AF7-4990-825E-51A725115AB5}"
EndProject
Project("{FAE04EC0-301F-11D3-BF4B-00C04F79EFBC}") = "ClassLibrary1", "HTTPRequest\ClassLibrary1\ClassLibrary1.csproj", "{67FE425D-8C53-450D-9F3C-60955D3E4CC8}"
EndProject
Global
	GlobalSection(SubversionScc) = preSolution
		Svn-Managed = True
		Manager = AnkhSVN - Subversion Support for Visual Studio
	EndGlobalSection
	GlobalSection(SolutionConfigurationPlatforms) = preSolution
		Debug|Any CPU = Debug|Any CPU
		Release|Any CPU = Release|Any CPU
	EndGlobalSection
	GlobalSection(ProjectConfigurationPlatforms) = postSolution
		{273A64FE-5AF7-4990-825E-51A725115AB5}.Debug|Any CPU.ActiveCfg = Debug|Any CPU
		{273A64FE-5AF7-4990-825E-51A725115AB5}.Debug|Any CPU.Build.0 = Debug|Any CPU
		{273A64FE-5AF7-4990-825E-51A725115AB5}.Release|Any CPU.ActiveCfg = Release|Any CPU
		{273A64FE-5AF7-4990-825E-51A725115AB5}.Release|Any CPU.Build.0 = Release|Any CPU
		{67FE425D-8C53-450D-9F3C-60955D3E4CC8}.Debug|Any CPU.ActiveCfg = Debug|Any CPU
		{67FE425D-8C53-450D-9F3C-60955D3E4CC8}.Debug|Any CPU.Build.0 = Debug|Any CPU
		{67FE425D-8C53-450D-9F3C-60955D3E4CC8}.Release|Any CPU.ActiveCfg = Release|Any CPU
		{67FE425D-8C53-450D-9F3C-60955D3E4CC8}.Release|Any CPU.Build.0 = Release|Any CPU
	EndGlobalSection
	GlobalSection(SolutionProperties) = preSolution
		HideSolutionNode = FALSE
	EndGlobalSection
EndGlobal
